
Microsoft Visual Studio Solution File, Format Version 12.00
# Visual Studio 2013
VisualStudioVersion = 12.0.30501.0
MinimumVisualStudioVersion = 10.0.40219.1
Project("{2150E333-8FDC-42A3-9474-1A3956D46DE8}") = "App1", "App1", "{6E32113C-77F9-4C78-AA73-401D1CAFB8CA}"
EndProject
Project("{D954291E-2A0B-460D-934E-DC6B0785DB48}") = "App1.Shared", "App1\App1.Shared\App1.Shared.shproj", "{C23A3521-519E-40D1-AA5B-F9060BD07F0E}"
EndProject
Project("{FAE04EC0-301F-11D3-BF4B-00C04F79EFBC}") = "App1.Windows", "App1\App1.Windows\App1.Windows.csproj", "{8A83AE34-F66E-42FB-9976-5BBA3A67DD4E}"
EndProject
Global
	GlobalSection(SharedMSBuildProjectFiles) = preSolution
		App1\App1.Shared\App1.Shared.projitems*{8a83ae34-f66e-42fb-9976-5bba3a67dd4e}*SharedItemsImports = 4
		App1\App1.Shared\App1.Shared.projitems*{c23a3521-519e-40d1-aa5b-f9060bd07f0e}*SharedItemsImports = 13
	EndGlobalSection
	GlobalSection(SolutionConfigurationPlatforms) = preSolution
		Debug|Any CPU = Debug|Any CPU
		Debug|ARM = Debug|ARM
		Debug|x64 = Debug|x64
		Debug|x86 = Debug|x86
		Release|Any CPU = Release|Any CPU
		Release|ARM = Release|ARM
		Release|x64 = Release|x64
		Release|x86 = Release|x86
	EndGlobalSection
	GlobalSection(ProjectConfigurationPlatforms) = postSolution
		{8A83AE34-F66E-42FB-9976-5BBA3A67DD4E}.Debug|Any CPU.ActiveCfg = Debug|Any CPU
		{8A83AE34-F66E-42FB-9976-5BBA3A67DD4E}.Debug|Any CPU.Build.0 = Debug|Any CPU
		{8A83AE34-F66E-42FB-9976-5BBA3A67DD4E}.Debug|Any CPU.Deploy.0 = Debug|Any CPU
		{8A83AE34-F66E-42FB-9976-5BBA3A67DD4E}.Debug|ARM.ActiveCfg = Debug|ARM
		{8A83AE34-F66E-42FB-9976-5BBA3A67DD4E}.Debug|ARM.Build.0 = Debug|ARM
		{8A83AE34-F66E-42FB-9976-5BBA3A67DD4E}.Debug|ARM.Deploy.0 = Debug|ARM
		{8A83AE34-F66E-42FB-9976-5BBA3A67DD4E}.Debug|x64.ActiveCfg = Debug|x64
		{8A83AE34-F66E-42FB-9976-5BBA3A67DD4E}.Debug|x64.Build.0 = Debug|x64
		{8A83AE34-F66E-42FB-9976-5BBA3A67DD4E}.Debug|x64.Deploy.0 = Debug|x64
		{8A83AE34-F66E-42FB-9976-5BBA3A67DD4E}.Debug|x86.ActiveCfg = Debug|x86
		{8A83AE34-F66E-42FB-9976-5BBA3A67DD4E}.Debug|x86.Build.0 = Debug|x86
		{8A83AE34-F66E-42FB-9976-5BBA3A67DD4E}.Debug|x86.Deploy.0 = Debug|x86
		{8A83AE34-F66E-42FB-9976-5BBA3A67DD4E}.Release|Any CPU.ActiveCfg = Release|Any CPU
		{8A83AE34-F66E-42FB-9976-5BBA3A67DD4E}.Release|Any CPU.Build.0 = Release|Any CPU
		{8A83AE34-F66E-42FB-9976-5BBA3A67DD4E}.Release|Any CPU.Deploy.0 = Release|Any CPU
		{8A83AE34-F66E-42FB-9976-5BBA3A67DD4E}.Release|ARM.ActiveCfg = Release|ARM
		{8A83AE34-F66E-42FB-9976-5BBA3A67DD4E}.Release|ARM.Build.0 = Release|ARM
		{8A83AE34-F66E-42FB-9976-5BBA3A67DD4E}.Release|ARM.Deploy.0 = Release|ARM
		{8A83AE34-F66E-42FB-9976-5BBA3A67DD4E}.Release|x64.ActiveCfg = Release|x64
		{8A83AE34-F66E-42FB-9976-5BBA3A67DD4E}.Release|x64.Build.0 = Release|x64
		{8A83AE34-F66E-42FB-9976-5BBA3A67DD4E}.Release|x64.Deploy.0 = Release|x64
		{8A83AE34-F66E-42FB-9976-5BBA3A67DD4E}.Release|x86.ActiveCfg = Release|x86
		{8A83AE34-F66E-42FB-9976-5BBA3A67DD4E}.Release|x86.Build.0 = Release|x86
		{8A83AE34-F66E-42FB-9976-5BBA3A67DD4E}.Release|x86.Deploy.0 = Release|x86
	EndGlobalSection
	GlobalSection(SolutionProperties) = preSolution
		HideSolutionNode = FALSE
	EndGlobalSection
	GlobalSection(NestedProjects) = preSolution
		{C23A3521-519E-40D1-AA5B-F9060BD07F0E} = {6E32113C-77F9-4C78-AA73-401D1CAFB8CA}
		{8A83AE34-F66E-42FB-9976-5BBA3A67DD4E} = {6E32113C-77F9-4C78-AA73-401D1CAFB8CA}
	EndGlobalSection
EndGlobal
